# This file was autogenerated by Stack.
# You should not edit this file by hand.
# For more information, please see the documentation at:
#   https://docs.haskellstack.org/en/stable/lock_files

packages:
- completed:
    hackage: hidden-char-0.1.0.2@sha256:4aff0d02f90959e84504e420d96da6e1189a456b5c5379474a598d48327cd838,2357
    pantry-tree:
      sha256: 3b3e03b0fabf5b461ca6f1a2368e766e31df8b2aa2942394196f6302365e3ee5
      size: 535
  original:
    hackage: hidden-char-0.1.0.2@sha256:4aff0d02f90959e84504e420d96da6e1189a456b5c5379474a598d48327cd838,2357
snapshots:
- completed:
    sha256: a81fb3877c4f9031e1325eb3935122e608d80715dc16b586eb11ddbff8671ecd
    size: 640086
    url: https://raw.githubusercontent.com/commercialhaskell/stackage-snapshots/master/lts/21/25.yaml
  original:
    url: https://raw.githubusercontent.com/commercialhaskell/stackage-snapshots/master/lts/21/25.yaml
