# This file was autogenerated by Stack.
# You should not edit this file by hand.
# For more information, please see the documentation at:
#   https://docs.haskellstack.org/en/stable/lock_files

packages:
- completed:
    hackage: hidden-char-0.1.0.2@sha256:4aff0d02f90959e84504e420d96da6e1189a456b5c5379474a598d48327cd838,2357
    pantry-tree:
      sha256: 3b3e03b0fabf5b461ca6f1a2368e766e31df8b2aa2942394196f6302365e3ee5
      size: 535
  original:
    hackage: hidden-char-0.1.0.2@sha256:4aff0d02f90959e84504e420d96da6e1189a456b5c5379474a598d48327cd838,2357
- completed:
    hackage: suspend-0.2.0.0@sha256:0d98526558b773c3ff792664bc45d7a083a32eedb6206d4101a7570869c75a28,1115
    pantry-tree:
      sha256: 70600cf9fc141612dcfb21573c4ccbec59922fb218b384ed380458cf6b0c67e6
      size: 424
  original:
    hackage: suspend-0.2.0.0@sha256:0d98526558b773c3ff792664bc45d7a083a32eedb6206d4101a7570869c75a28,1115
- completed:
    hackage: timers-0.2.0.4@sha256:081e81f1f7384795acc4f887cf3c07cc6e7a9c1bf6e65f0f94507f3d2e0585c2,1175
    pantry-tree:
      sha256: 823d891414384524ff8f735d8ab912deff9fc64f97f4560ace392028cbf27bd0
      size: 424
  original:
    hackage: timers-0.2.0.4@sha256:081e81f1f7384795acc4f887cf3c07cc6e7a9c1bf6e65f0f94507f3d2e0585c2,1175
snapshots:
- completed:
    sha256: a81fb3877c4f9031e1325eb3935122e608d80715dc16b586eb11ddbff8671ecd
    size: 640086
    url: https://raw.githubusercontent.com/commercialhaskell/stackage-snapshots/master/lts/21/25.yaml
  original:
    url: https://raw.githubusercontent.com/commercialhaskell/stackage-snapshots/master/lts/21/25.yaml
